
Microsoft Visual Studio Solution File, Format Version 12.00
# Visual Studio Version 17
VisualStudioVersion = 17.0.31903.59
MinimumVisualStudioVersion = 10.0.40219.1
Project("{FAE04EC0-301F-11D3-BF4B-00C04F79EFBC}") = "API", "API\API.csproj", "{2AFC120F-0E9E-4D23-9106-717EE77A1D49}"
EndProject
Project("{FAE04EC0-301F-11D3-BF4B-00C04F79EFBC}") = "Core", "Core\Core.csproj", "{5AADBCF9-6D55-4927-B7BC-5CC2439E56B8}"
EndProject
Project("{FAE04EC0-301F-11D3-BF4B-00C04F79EFBC}") = "Infrastructure", "Infrastructure\Infrastructure.csproj", "{CDC4A8D9-FCE0-4238-8DA2-38E41D6FBCC0}"
EndProject
Global
	GlobalSection(SolutionConfigurationPlatforms) = preSolution
		Debug|Any CPU = Debug|Any CPU
		Release|Any CPU = Release|Any CPU
	EndGlobalSection
	GlobalSection(SolutionProperties) = preSolution
		HideSolutionNode = FALSE
	EndGlobalSection
	GlobalSection(ProjectConfigurationPlatforms) = postSolution
		{2AFC120F-0E9E-4D23-9106-717EE77A1D49}.Debug|Any CPU.ActiveCfg = Debug|Any CPU
		{2AFC120F-0E9E-4D23-9106-717EE77A1D49}.Debug|Any CPU.Build.0 = Debug|Any CPU
		{2AFC120F-0E9E-4D23-9106-717EE77A1D49}.Release|Any CPU.ActiveCfg = Release|Any CPU
		{2AFC120F-0E9E-4D23-9106-717EE77A1D49}.Release|Any CPU.Build.0 = Release|Any CPU
		{5AADBCF9-6D55-4927-B7BC-5CC2439E56B8}.Debug|Any CPU.ActiveCfg = Debug|Any CPU
		{5AADBCF9-6D55-4927-B7BC-5CC2439E56B8}.Debug|Any CPU.Build.0 = Debug|Any CPU
		{5AADBCF9-6D55-4927-B7BC-5CC2439E56B8}.Release|Any CPU.ActiveCfg = Release|Any CPU
		{5AADBCF9-6D55-4927-B7BC-5CC2439E56B8}.Release|Any CPU.Build.0 = Release|Any CPU
		{CDC4A8D9-FCE0-4238-8DA2-38E41D6FBCC0}.Debug|Any CPU.ActiveCfg = Debug|Any CPU
		{CDC4A8D9-FCE0-4238-8DA2-38E41D6FBCC0}.Debug|Any CPU.Build.0 = Debug|Any CPU
		{CDC4A8D9-FCE0-4238-8DA2-38E41D6FBCC0}.Release|Any CPU.ActiveCfg = Release|Any CPU
		{CDC4A8D9-FCE0-4238-8DA2-38E41D6FBCC0}.Release|Any CPU.Build.0 = Release|Any CPU
	EndGlobalSection
EndGlobal
